// !$*UTF8*$!
{
	archiveVersion = 1;
	classes = {
	};
	objectVersion = 46;
	objects = {

/* Begin PBXBuildFile section */
		22331C9B1F40DCDA0006A60E /* StickerPackExtension.appex in Embed App Extensions */ = {isa = PBXBuildFile; fileRef = 22331C9A1F40DCDA0006A60E /* StickerPackExtension.appex */; settings = {ATTRIBUTES = (RemoveHeadersOnCopy, ); }; };
		22331C9F1F40DCDA0006A60E /* Stickers.xcstickers in Resources */ = {isa = PBXBuildFile; fileRef = 22331C9E1F40DCDA0006A60E /* Stickers.xcstickers */; };
		22331CA01F40DCDA0006A60E /* Stickers.xcstickers in Resources */ = {isa = PBXBuildFile; fileRef = 22331C9E1F40DCDA0006A60E /* Stickers.xcstickers */; };
/* End PBXBuildFile section */

/* Begin PBXContainerItemProxy section */
		22331C9C1F40DCDA0006A60E /* PBXContainerItemProxy */ = {
			isa = PBXContainerItemProxy;
			containerPortal = 22331C901F40DCD90006A60E /* Project object */;
			proxyType = 1;
			remoteGlobalIDString = 22331C991F40DCDA0006A60E;
			remoteInfo = StickerPackExtension;
		};
/* End PBXContainerItemProxy section */

/* Begin PBXCopyFilesBuildPhase section */
		22331CA61F40DCDA0006A60E /* Embed App Extensions */ = {
			isa = PBXCopyFilesBuildPhase;
			buildActionMask = 2147483647;
			dstPath = "";
			dstSubfolderSpec = 13;
			files = (
				22331C9B1F40DCDA0006A60E /* StickerPackExtension.appex in Embed App Extensions */,
			);
			name = "Embed App Extensions";
			runOnlyForDeploymentPostprocessing = 0;
		};
/* End PBXCopyFilesBuildPhase section */

/* Begin PBXFileReference section */
		22331C961F40DCDA0006A60E /* Omega Alpha Kappa.app */ = {isa = PBXFileReference; explicitFileType = wrapper.application; includeInIndex = 0; path = "Omega Alpha Kappa.app"; sourceTree = BUILT_PRODUCTS_DIR; };
		22331C9A1F40DCDA0006A60E /* StickerPackExtension.appex */ = {isa = PBXFileReference; explicitFileType = "wrapper.app-extension"; includeInIndex = 0; path = StickerPackExtension.appex; sourceTree = BUILT_PRODUCTS_DIR; };
		22331C9E1F40DCDA0006A60E /* Stickers.xcstickers */ = {isa = PBXFileReference; lastKnownFileType = folder.stickers; name = Stickers.xcstickers; path = StickerPackExtension/Stickers.xcstickers; sourceTree = "<group>"; };
/* End PBXFileReference section */

/* Begin PBXGroup section */
		22331C8F1F40DCD90006A60E = {
			isa = PBXGroup;
			children = (
				22331C9E1F40DCDA0006A60E /* Stickers.xcstickers */,
				22331C971F40DCDA0006A60E /* Products */,
			);
			sourceTree = "<group>";
			usesTabs = 1;
		};
		22331C971F40DCDA0006A60E /* Products */ = {
			isa = PBXGroup;
			children = (
				22331C961F40DCDA0006A60E /* Omega Alpha Kappa.app */,
				22331C9A1F40DCDA0006A60E /* StickerPackExtension.appex */,
			);
			name = Products;
			sourceTree = "<group>";
		};
/* End PBXGroup section */

/* Begin PBXNativeTarget section */
		22331C951F40DCDA0006A60E /* Omega Alpha Kappa */ = {
			isa = PBXNativeTarget;
			buildConfigurationList = 22331CA71F40DCDA0006A60E /* Build configuration list for PBXNativeTarget "Omega Alpha Kappa" */;
			buildPhases = (
				22331C941F40DCDA0006A60E /* Resources */,
				22331CA61F40DCDA0006A60E /* Embed App Extensions */,
			);
			buildRules = (
			);
			dependencies = (
				22331C9D1F40DCDA0006A60E /* PBXTargetDependency */,
			);
			name = "Omega Alpha Kappa";
			productName = "Omega Alpha Kappa";
			productReference = 22331C961F40DCDA0006A60E /* Omega Alpha Kappa.app */;
			productType = "com.apple.product-type.application.messages";
		};
		22331C991F40DCDA0006A60E /* StickerPackExtension */ = {
			isa = PBXNativeTarget;
			buildConfigurationList = 22331CA31F40DCDA0006A60E /* Build configuration list for PBXNativeTarget "StickerPackExtension" */;
			buildPhases = (
				22331C981F40DCDA0006A60E /* Resources */,
			);
			buildRules = (
			);
			dependencies = (
			);
			name = StickerPackExtension;
			productName = StickerPackExtension;
			productReference = 22331C9A1F40DCDA0006A60E /* StickerPackExtension.appex */;
			productType = "com.apple.product-type.app-extension.messages-sticker-pack";
		};
/* End PBXNativeTarget section */

/* Begin PBXProject section */
		22331C901F40DCD90006A60E /* Project object */ = {
			isa = PBXProject;
			attributes = {
				LastUpgradeCheck = 0830;
				ORGANIZATIONNAME = "Samuel Schmitt";
				TargetAttributes = {
					22331C951F40DCDA0006A60E = {
						CreatedOnToolsVersion = 8.3.3;
						DevelopmentTeam = M4Z3WK27P5;
						ProvisioningStyle = Automatic;
					};
					22331C991F40DCDA0006A60E = {
						CreatedOnToolsVersion = 8.3.3;
						DevelopmentTeam = M4Z3WK27P5;
						ProvisioningStyle = Automatic;
					};
				};
			};
			buildConfigurationList = 22331C931F40DCD90006A60E /* Build configuration list for PBXProject "Omega Alpha Kappa" */;
			compatibilityVersion = "Xcode 3.2";
			developmentRegion = English;
			hasScannedForEncodings = 0;
			knownRegions = (
				en,
			);
			mainGroup = 22331C8F1F40DCD90006A60E;
			productRefGroup = 22331C971F40DCDA0006A60E /* Products */;
			projectDirPath = "";
			projectRoot = "";
			targets = (
				22331C951F40DCDA0006A60E /* Omega Alpha Kappa */,
				22331C991F40DCDA0006A60E /* StickerPackExtension */,
			);
		};
/* End PBXProject section */

/* Begin PBXResourcesBuildPhase section */
		22331C941F40DCDA0006A60E /* Resources */ = {
			isa = PBXResourcesBuildPhase;
			buildActionMask = 2147483647;
			files = (
				22331CA01F40DCDA0006A60E /* Stickers.xcstickers in Resources */,
			);
			runOnlyForDeploymentPostprocessing = 0;
		};
		22331C981F40DCDA0006A60E /* Resources */ = {
			isa = PBXResourcesBuildPhase;
			buildActionMask = 2147483647;
			files = (
				22331C9F1F40DCDA0006A60E /* Stickers.xcstickers in Resources */,
			);
			runOnlyForDeploymentPostprocessing = 0;
		};
/* End PBXResourcesBuildPhase section */

/* Begin PBXTargetDependency section */
		22331C9D1F40DCDA0006A60E /* PBXTargetDependency */ = {
			isa = PBXTargetDependency;
			target = 22331C991F40DCDA0006A60E /* StickerPackExtension */;
			targetProxy = 22331C9C1F40DCDA0006A60E /* PBXContainerItemProxy */;
		};
/* End PBXTargetDependency section */

/* Begin XCBuildConfiguration section */
		22331CA11F40DCDA0006A60E /* Debug */ = {
			isa = XCBuildConfiguration;
			buildSettings = {
				ALWAYS_SEARCH_USER_PATHS = NO;
				CLANG_ANALYZER_NONNULL = YES;
				CLANG_ANALYZER_NUMBER_OBJECT_CONVERSION = YES_AGGRESSIVE;
				CLANG_CXX_LANGUAGE_STANDARD = "gnu++0x";
				CLANG_CXX_LIBRARY = "libc++";
				CLANG_ENABLE_MODULES = YES;
				CLANG_ENABLE_OBJC_ARC = YES;
				CLANG_WARN_BOOL_CONVERSION = YES;
				CLANG_WARN_CONSTANT_CONVERSION = YES;
				CLANG_WARN_DIRECT_OBJC_ISA_USAGE = YES_ERROR;
				CLANG_WARN_DOCUMENTATION_COMMENTS = YES;
				CLANG_WARN_EMPTY_BODY = YES;
				CLANG_WARN_ENUM_CONVERSION = YES;
				CLANG_WARN_INFINITE_RECURSION = YES;
				CLANG_WARN_INT_CONVERSION = YES;
				CLANG_WARN_OBJC_ROOT_CLASS = YES_ERROR;
				CLANG_WARN_SUSPICIOUS_MOVE = YES;
				CLANG_WARN_UNREACHABLE_CODE = YES;
				CLANG_WARN__DUPLICATE_METHOD_MATCH = YES;
				"CODE_SIGN_IDENTITY[sdk=iphoneos*]" = "iPhone Developer";
				COPY_PHASE_STRIP = NO;
				DEBUG_INFORMATION_FORMAT = dwarf;
				ENABLE_STRICT_OBJC_MSGSEND = YES;
				ENABLE_TESTABILITY = YES;
				GCC_C_LANGUAGE_STANDARD = gnu99;
				GCC_DYNAMIC_NO_PIC = NO;
				GCC_NO_COMMON_BLOCKS = YES;
				GCC_OPTIMIZATION_LEVEL = 0;
				GCC_PREPROCESSOR_DEFINITIONS = (
					"DEBUG=1",
					"$(inherited)",
				);
				GCC_WARN_64_TO_32_BIT_CONVERSION = YES;
				GCC_WARN_ABOUT_RETURN_TYPE = YES_ERROR;
				GCC_WARN_UNDECLARED_SELECTOR = YES;
				GCC_WARN_UNINITIALIZED_AUTOS = YES_AGGRESSIVE;
				GCC_WARN_UNUSED_FUNCTION = YES;
				GCC_WARN_UNUSED_VARIABLE = YES;
				IPHONEOS_DEPLOYMENT_TARGET = 10.3;
				MTL_ENABLE_DEBUG_INFO = YES;
				ONLY_ACTIVE_ARCH = YES;
				SDKROOT = iphoneos;
				TARGETED_DEVICE_FAMILY = "1,2";
			};
			name = Debug;
		};
		22331CA21F40DCDA0006A60E /* Release */ = {
			isa = XCBuildConfiguration;
			buildSettings = {
				ALWAYS_SEARCH_USER_PATHS = NO;
				CLANG_ANALYZER_NONNULL = YES;
				CLANG_ANALYZER_NUMBER_OBJECT_CONVERSION = YES_AGGRESSIVE;
				CLANG_CXX_LANGUAGE_STANDARD = "gnu++0x";
				CLANG_CXX_LIBRARY = "libc++";
				CLANG_ENABLE_MODULES = YES;
				CLANG_ENABLE_OBJC_ARC = YES;
				CLANG_WARN_BOOL_CONVERSION = YES;
				CLANG_WARN_CONSTANT_CONVERSION = YES;
				CLANG_WARN_DIRECT_OBJC_ISA_USAGE = YES_ERROR;
				CLANG_WARN_DOCUMENTATION_COMMENTS = YES;
				CLANG_WARN_EMPTY_BODY = YES;
				CLANG_WARN_ENUM_CONVERSION = YES;
				CLANG_WARN_INFINITE_RECURSION = YES;
				CLANG_WARN_INT_CONVERSION = YES;
				CLANG_WARN_OBJC_ROOT_CLASS = YES_ERROR;
				CLANG_WARN_SUSPICIOUS_MOVE = YES;
				CLANG_WARN_UNREACHABLE_CODE = YES;
				CLANG_WARN__DUPLICATE_METHOD_MATCH = YES;
				"CODE_SIGN_IDENTITY[sdk=iphoneos*]" = "iPhone Developer";
				COPY_PHASE_STRIP = NO;
				DEBUG_INFORMATION_FORMAT = "dwarf-with-dsym";
				ENABLE_NS_ASSERTIONS = NO;
				ENABLE_STRICT_OBJC_MSGSEND = YES;
				GCC_C_LANGUAGE_STANDARD = gnu99;
				GCC_NO_COMMON_BLOCKS = YES;
				GCC_WARN_64_TO_32_BIT_CONVERSION = YES;
				GCC_WARN_ABOUT_RETURN_TYPE = YES_ERROR;
				GCC_WARN_UNDECLARED_SELECTOR = YES;
				GCC_WARN_UNINITIALIZED_AUTOS = YES_AGGRESSIVE;
				GCC_WARN_UNUSED_FUNCTION = YES;
				GCC_WARN_UNUSED_VARIABLE = YES;
				IPHONEOS_DEPLOYMENT_TARGET = 10.3;
				MTL_ENABLE_DEBUG_INFO = NO;
				SDKROOT = iphoneos;
				TARGETED_DEVICE_FAMILY = "1,2";
				VALIDATE_PRODUCT = YES;
			};
			name = Release;
		};
		22331CA41F40DCDA0006A60E /* Debug */ = {
			isa = XCBuildConfiguration;
			buildSettings = {
				ASSETCATALOG_COMPILER_APPICON_NAME = "iMessage App Icon";
				DEVELOPMENT_TEAM = M4Z3WK27P5;
				INFOPLIST_FILE = StickerPackExtension/Info.plist;
				PRODUCT_BUNDLE_IDENTIFIER = com.samschmitt.oak.StickerPackExtension;
				PRODUCT_NAME = "$(TARGET_NAME)";
				SKIP_INSTALL = YES;
			};
			name = Debug;
		};
		22331CA51F40DCDA0006A60E /* Release */ = {
			isa = XCBuildConfiguration;
			buildSettings = {
				ASSETCATALOG_COMPILER_APPICON_NAME = "iMessage App Icon";
				DEVELOPMENT_TEAM = M4Z3WK27P5;
				INFOPLIST_FILE = StickerPackExtension/Info.plist;
				PRODUCT_BUNDLE_IDENTIFIER = com.samschmitt.oak.StickerPackExtension;
				PRODUCT_NAME = "$(TARGET_NAME)";
				SKIP_INSTALL = YES;
			};
			name = Release;
		};
		22331CA81F40DCDA0006A60E /* Debug */ = {
			isa = XCBuildConfiguration;
			buildSettings = {
				ASSETCATALOG_COMPILER_APPICON_NAME = "iMessage App Icon";
				"CODE_SIGN_IDENTITY[sdk=iphoneos*]" = "iPhone Developer";
				DEVELOPMENT_TEAM = M4Z3WK27P5;
				INFOPLIST_FILE = "Omega Alpha Kappa/Info.plist";
				PRODUCT_BUNDLE_IDENTIFIER = com.samschmitt.oak;
				PRODUCT_NAME = "$(TARGET_NAME)";
				PROVISIONING_PROFILE = "";
				PROVISIONING_PROFILE_SPECIFIER = "";
			};
			name = Debug;
		};
		22331CA91F40DCDA0006A60E /* Release */ = {
			isa = XCBuildConfiguration;
			buildSettings = {
				ASSETCATALOG_COMPILER_APPICON_NAME = "iMessage App Icon";
				"CODE_SIGN_IDENTITY[sdk=iphoneos*]" = "iPhone Developer";
				DEVELOPMENT_TEAM = M4Z3WK27P5;
				INFOPLIST_FILE = "Omega Alpha Kappa/Info.plist";
				PRODUCT_BUNDLE_IDENTIFIER = com.samschmitt.oak;
				PRODUCT_NAME = "$(TARGET_NAME)";
				PROVISIONING_PROFILE = "";
				PROVISIONING_PROFILE_SPECIFIER = "";
			};
			name = Release;
		};
/* End XCBuildConfiguration section */

/* Begin XCConfigurationList section */
		22331C931F40DCD90006A60E /* Build configuration list for PBXProject "Omega Alpha Kappa" */ = {
			isa = XCConfigurationList;
			buildConfigurations = (
				22331CA11F40DCDA0006A60E /* Debug */,
				22331CA21F40DCDA0006A60E /* Release */,
			);
			defaultConfigurationIsVisible = 0;
			defaultConfigurationName = Release;
		};
		22331CA31F40DCDA0006A60E /* Build configuration list for PBXNativeTarget "StickerPackExtension" */ = {
			isa = XCConfigurationList;
			buildConfigurations = (
				22331CA41F40DCDA0006A60E /* Debug */,
				22331CA51F40DCDA0006A60E /* Release */,
			);
			defaultConfigurationIsVisible = 0;
			defaultConfigurationName = Release;
		};
		22331CA71F40DCDA0006A60E /* Build configuration list for PBXNativeTarget "Omega Alpha Kappa" */ = {
			isa = XCConfigurationList;
			buildConfigurations = (
				22331CA81F40DCDA0006A60E /* Debug */,
				22331CA91F40DCDA0006A60E /* Release */,
			);
			defaultConfigurationIsVisible = 0;
			defaultConfigurationName = Release;
		};
/* End XCConfigurationList section */
	};
	rootObject = 22331C901F40DCD90006A60E /* Project object */;
}
